
Microsoft Visual Studio Solution File, Format Version 12.00
# Visual Studio Version 17
VisualStudioVersion = 17.3.32901.215
MinimumVisualStudioVersion = 10.0.40219.1
Project("{FAE04EC0-301F-11D3-BF4B-00C04F79EFBC}") = "hoangtiendung.Ecommerce.API", "hoangtiendung.Ecommerce.API\hoangtiendung.Ecommerce.API.csproj", "{6DFB6A34-2CC0-4A32-A682-2CCD48C1F155}"
EndProject
Project("{FAE04EC0-301F-11D3-BF4B-00C04F79EFBC}") = "hoangtiendung.Ecommerce.DAL", "hoangtiendung.Ecommerce.DAL\hoangtiendung.Ecommerce.DAL.csproj", "{DB6D980C-C5F9-4871-BEE7-D4FACEEC57F3}"
EndProject
Global
	GlobalSection(SolutionConfigurationPlatforms) = preSolution
		Debug|Any CPU = Debug|Any CPU
		Release|Any CPU = Release|Any CPU
	EndGlobalSection
	GlobalSection(ProjectConfigurationPlatforms) = postSolution
		{6DFB6A34-2CC0-4A32-A682-2CCD48C1F155}.Debug|Any CPU.ActiveCfg = Debug|Any CPU
		{6DFB6A34-2CC0-4A32-A682-2CCD48C1F155}.Debug|Any CPU.Build.0 = Debug|Any CPU
		{6DFB6A34-2CC0-4A32-A682-2CCD48C1F155}.Release|Any CPU.ActiveCfg = Release|Any CPU
		{6DFB6A34-2CC0-4A32-A682-2CCD48C1F155}.Release|Any CPU.Build.0 = Release|Any CPU
		{DB6D980C-C5F9-4871-BEE7-D4FACEEC57F3}.Debug|Any CPU.ActiveCfg = Debug|Any CPU
		{DB6D980C-C5F9-4871-BEE7-D4FACEEC57F3}.Debug|Any CPU.Build.0 = Debug|Any CPU
		{DB6D980C-C5F9-4871-BEE7-D4FACEEC57F3}.Release|Any CPU.ActiveCfg = Release|Any CPU
		{DB6D980C-C5F9-4871-BEE7-D4FACEEC57F3}.Release|Any CPU.Build.0 = Release|Any CPU
	EndGlobalSection
	GlobalSection(SolutionProperties) = preSolution
		HideSolutionNode = FALSE
	EndGlobalSection
	GlobalSection(ExtensibilityGlobals) = postSolution
		SolutionGuid = {A96235E1-CE91-4FEA-A9EB-65F382B29C22}
	EndGlobalSection
EndGlobal
